
Microsoft Visual Studio Solution File, Format Version 12.00
# Visual Studio Version 17
VisualStudioVersion = 17.8.34309.116
MinimumVisualStudioVersion = 10.0.40219.1
Project("{9A19103F-16F7-4668-BE54-9A1E7A4F7556}") = "NTDataHiveGrpcService", "NTDataHiveGrpcService\NTDataHiveGrpcService.csproj", "{5C0DDC0B-8D2E-4568-AB0B-A00E8EAD9EEC}"
EndProject
Project("{9A19103F-16F7-4668-BE54-9A1E7A4F7556}") = "NTDataHiveFrontend", "NTDataHiveFrontend\NTDataHiveFrontend.csproj", "{183961C7-385E-4921-A664-6EA8A495CF6B}"
EndProject
Project("{9A19103F-16F7-4668-BE54-9A1E7A4F7556}") = "NTDataHiveEnum.DataPlugins", "NTDataHiveEnum.DataPlugins\NTDataHiveEnum.DataPlugins.csproj", "{C1A2C614-3D2D-4B10-A75D-E6DFE0190526}"
EndProject
Project("{9A19103F-16F7-4668-BE54-9A1E7A4F7556}") = "CoreBusiness.Dropdown", "CoreBusiness.Dropdown\CoreBusiness.Dropdown.csproj", "{41B476F3-0D64-4E91-A847-D1568AC77201}"
EndProject
Project("{9A19103F-16F7-4668-BE54-9A1E7A4F7556}") = "Plugins.DataStore.InMemory.Dropdown", "Plugins.DataStore.InMemory.Dropdown\Plugins.DataStore.InMemory.Dropdown.csproj", "{5CC24F1B-3624-4A46-B8A8-965C291DD9D3}"
EndProject
Project("{9A19103F-16F7-4668-BE54-9A1E7A4F7556}") = "UseCases.Dropdown", "UseCases.Dropdown\UseCases.Dropdown.csproj", "{50602BAC-0CDB-4C42-BCF8-9B8FA4DF0152}"
EndProject
Global
	GlobalSection(SolutionConfigurationPlatforms) = preSolution
		Debug|Any CPU = Debug|Any CPU
		Release|Any CPU = Release|Any CPU
	EndGlobalSection
	GlobalSection(ProjectConfigurationPlatforms) = postSolution
		{5C0DDC0B-8D2E-4568-AB0B-A00E8EAD9EEC}.Debug|Any CPU.ActiveCfg = Debug|Any CPU
		{5C0DDC0B-8D2E-4568-AB0B-A00E8EAD9EEC}.Debug|Any CPU.Build.0 = Debug|Any CPU
		{5C0DDC0B-8D2E-4568-AB0B-A00E8EAD9EEC}.Release|Any CPU.ActiveCfg = Release|Any CPU
		{5C0DDC0B-8D2E-4568-AB0B-A00E8EAD9EEC}.Release|Any CPU.Build.0 = Release|Any CPU
		{183961C7-385E-4921-A664-6EA8A495CF6B}.Debug|Any CPU.ActiveCfg = Debug|Any CPU
		{183961C7-385E-4921-A664-6EA8A495CF6B}.Debug|Any CPU.Build.0 = Debug|Any CPU
		{183961C7-385E-4921-A664-6EA8A495CF6B}.Release|Any CPU.ActiveCfg = Release|Any CPU
		{183961C7-385E-4921-A664-6EA8A495CF6B}.Release|Any CPU.Build.0 = Release|Any CPU
		{C1A2C614-3D2D-4B10-A75D-E6DFE0190526}.Debug|Any CPU.ActiveCfg = Debug|Any CPU
		{C1A2C614-3D2D-4B10-A75D-E6DFE0190526}.Debug|Any CPU.Build.0 = Debug|Any CPU
		{C1A2C614-3D2D-4B10-A75D-E6DFE0190526}.Release|Any CPU.ActiveCfg = Release|Any CPU
		{C1A2C614-3D2D-4B10-A75D-E6DFE0190526}.Release|Any CPU.Build.0 = Release|Any CPU
		{41B476F3-0D64-4E91-A847-D1568AC77201}.Debug|Any CPU.ActiveCfg = Debug|Any CPU
		{41B476F3-0D64-4E91-A847-D1568AC77201}.Debug|Any CPU.Build.0 = Debug|Any CPU
		{41B476F3-0D64-4E91-A847-D1568AC77201}.Release|Any CPU.ActiveCfg = Release|Any CPU
		{41B476F3-0D64-4E91-A847-D1568AC77201}.Release|Any CPU.Build.0 = Release|Any CPU
		{5CC24F1B-3624-4A46-B8A8-965C291DD9D3}.Debug|Any CPU.ActiveCfg = Debug|Any CPU
		{5CC24F1B-3624-4A46-B8A8-965C291DD9D3}.Debug|Any CPU.Build.0 = Debug|Any CPU
		{5CC24F1B-3624-4A46-B8A8-965C291DD9D3}.Release|Any CPU.ActiveCfg = Release|Any CPU
		{5CC24F1B-3624-4A46-B8A8-965C291DD9D3}.Release|Any CPU.Build.0 = Release|Any CPU
		{50602BAC-0CDB-4C42-BCF8-9B8FA4DF0152}.Debug|Any CPU.ActiveCfg = Debug|Any CPU
		{50602BAC-0CDB-4C42-BCF8-9B8FA4DF0152}.Debug|Any CPU.Build.0 = Debug|Any CPU
		{50602BAC-0CDB-4C42-BCF8-9B8FA4DF0152}.Release|Any CPU.ActiveCfg = Release|Any CPU
		{50602BAC-0CDB-4C42-BCF8-9B8FA4DF0152}.Release|Any CPU.Build.0 = Release|Any CPU
	EndGlobalSection
	GlobalSection(SolutionProperties) = preSolution
		HideSolutionNode = FALSE
	EndGlobalSection
	GlobalSection(ExtensibilityGlobals) = postSolution
		SolutionGuid = {3253DA5D-EDF2-465F-9AA6-C07D9BB5318E}
	EndGlobalSection
EndGlobal
